
Microsoft Visual Studio Solution File, Format Version 12.00
# Visual Studio Version 17
VisualStudioVersion = 17.3.32922.545
MinimumVisualStudioVersion = 10.0.40219.1
Project("{9A19103F-16F7-4668-BE54-9A1E7A4F7556}") = "ScrapeData", "SanctionScannerCaseStudy\ScrapeData.csproj", "{17423D07-6175-4D7E-9E69-D15A57810AC9}"
EndProject
Global
	GlobalSection(SolutionConfigurationPlatforms) = preSolution
		Debug|Any CPU = Debug|Any CPU
		Release|Any CPU = Release|Any CPU
	EndGlobalSection
	GlobalSection(ProjectConfigurationPlatforms) = postSolution
		{17423D07-6175-4D7E-9E69-D15A57810AC9}.Debug|Any CPU.ActiveCfg = Debug|Any CPU
		{17423D07-6175-4D7E-9E69-D15A57810AC9}.Debug|Any CPU.Build.0 = Debug|Any CPU
		{17423D07-6175-4D7E-9E69-D15A57810AC9}.Release|Any CPU.ActiveCfg = Release|Any CPU
		{17423D07-6175-4D7E-9E69-D15A57810AC9}.Release|Any CPU.Build.0 = Release|Any CPU
	EndGlobalSection
	GlobalSection(SolutionProperties) = preSolution
		HideSolutionNode = FALSE
	EndGlobalSection
	GlobalSection(ExtensibilityGlobals) = postSolution
		SolutionGuid = {B3725B91-E4B8-4305-AD15-02AB9632A029}
	EndGlobalSection
EndGlobal
